
Microsoft Visual Studio Solution File, Format Version 12.00
# Visual Studio Version 17
VisualStudioVersion = 17.3.32611.2
MinimumVisualStudioVersion = 10.0.40219.1
Project("{9A19103F-16F7-4668-BE54-9A1E7A4F7556}") = "MarinFinancialSample", "MarinFinancialSample\MarinFinancialSample.csproj", "{AA705163-34D4-4806-940F-5750782DA05C}"
EndProject
Project("{9A19103F-16F7-4668-BE54-9A1E7A4F7556}") = "DataAccess", "DataAccess\DataAccess.csproj", "{9F610A62-948D-43DD-AAE7-68B9E86DC237}"
EndProject
Project("{54A90642-561A-4BB1-A94E-469ADEE60C69}") = "ReactFrontend", "ReactFrontend\ReactFrontend.esproj", "{6F1A457F-7213-4A29-955E-A4CF31F559BC}"
EndProject
Global
	GlobalSection(SolutionConfigurationPlatforms) = preSolution
		Debug|Any CPU = Debug|Any CPU
		Release|Any CPU = Release|Any CPU
	EndGlobalSection
	GlobalSection(ProjectConfigurationPlatforms) = postSolution
		{AA705163-34D4-4806-940F-5750782DA05C}.Debug|Any CPU.ActiveCfg = Debug|Any CPU
		{AA705163-34D4-4806-940F-5750782DA05C}.Debug|Any CPU.Build.0 = Debug|Any CPU
		{AA705163-34D4-4806-940F-5750782DA05C}.Release|Any CPU.ActiveCfg = Release|Any CPU
		{AA705163-34D4-4806-940F-5750782DA05C}.Release|Any CPU.Build.0 = Release|Any CPU
		{9F610A62-948D-43DD-AAE7-68B9E86DC237}.Debug|Any CPU.ActiveCfg = Debug|Any CPU
		{9F610A62-948D-43DD-AAE7-68B9E86DC237}.Debug|Any CPU.Build.0 = Debug|Any CPU
		{9F610A62-948D-43DD-AAE7-68B9E86DC237}.Release|Any CPU.ActiveCfg = Release|Any CPU
		{9F610A62-948D-43DD-AAE7-68B9E86DC237}.Release|Any CPU.Build.0 = Release|Any CPU
		{6F1A457F-7213-4A29-955E-A4CF31F559BC}.Debug|Any CPU.ActiveCfg = Debug|Any CPU
		{6F1A457F-7213-4A29-955E-A4CF31F559BC}.Debug|Any CPU.Build.0 = Debug|Any CPU
		{6F1A457F-7213-4A29-955E-A4CF31F559BC}.Debug|Any CPU.Deploy.0 = Debug|Any CPU
		{6F1A457F-7213-4A29-955E-A4CF31F559BC}.Release|Any CPU.ActiveCfg = Release|Any CPU
		{6F1A457F-7213-4A29-955E-A4CF31F559BC}.Release|Any CPU.Build.0 = Release|Any CPU
		{6F1A457F-7213-4A29-955E-A4CF31F559BC}.Release|Any CPU.Deploy.0 = Release|Any CPU
	EndGlobalSection
	GlobalSection(SolutionProperties) = preSolution
		HideSolutionNode = FALSE
	EndGlobalSection
	GlobalSection(ExtensibilityGlobals) = postSolution
		SolutionGuid = {8807BB66-396B-4BE7-862A-81B8955D7B5C}
	EndGlobalSection
EndGlobal
